// !$*UTF8*$!
{
	archiveVersion = 1;
	classes = {
	};
	objectVersion = 56;
	objects = {

/* Begin PBXBuildFile section */
		B96A9DD02BE8C4F200EDAF3F /* ProductView.swift in Sources */ = {isa = PBXBuildFile; fileRef = B96A9DCE2BE8C4F100EDAF3F /* ProductView.swift */; };
		B96A9DD12BE8C4F200EDAF3F /* CategoryProductsView.swift in Sources */ = {isa = PBXBuildFile; fileRef = B96A9DCF2BE8C4F200EDAF3F /* CategoryProductsView.swift */; };
		B96B6CB12C2D8CF20006E489 /* ProductsCoreDateCacheService.swift in Sources */ = {isa = PBXBuildFile; fileRef = B96B6CB02C2D8CF20006E489 /* ProductsCoreDateCacheService.swift */; };
		B96B6CB42C2D9A7F0006E489 /* ProductsApp.xcdatamodeld in Sources */ = {isa = PBXBuildFile; fileRef = B96B6CB22C2D9A7F0006E489 /* ProductsApp.xcdatamodeld */; };
		B9DF12362BE8D588002BF06A /* MainView.swift in Sources */ = {isa = PBXBuildFile; fileRef = B9DF12352BE8D588002BF06A /* MainView.swift */; };
		B9DF12382BE8F0E1002BF06A /* NetworkRequestHelper.swift in Sources */ = {isa = PBXBuildFile; fileRef = B9DF12372BE8F0E1002BF06A /* NetworkRequestHelper.swift */; };
		B9DF123B2BE8F8CD002BF06A /* NetworkError.swift in Sources */ = {isa = PBXBuildFile; fileRef = B9DF123A2BE8F8CD002BF06A /* NetworkError.swift */; };
		B9DF123D2BE921A6002BF06A /* ErrorMessageView.swift in Sources */ = {isa = PBXBuildFile; fileRef = B9DF123C2BE921A6002BF06A /* ErrorMessageView.swift */; };
		B9DF123F2BEA0C2F002BF06A /* Modifiers.swift in Sources */ = {isa = PBXBuildFile; fileRef = B9DF123E2BEA0C2F002BF06A /* Modifiers.swift */; };
		B9DF12432BEA1BF7002BF06A /* ProductsCacheServiceProtocol.swift in Sources */ = {isa = PBXBuildFile; fileRef = B9DF12422BEA1BF7002BF06A /* ProductsCacheServiceProtocol.swift */; };
		B9DF12452BEA1C8A002BF06A /* ProductsFileCacheService.swift in Sources */ = {isa = PBXBuildFile; fileRef = B9DF12442BEA1C8A002BF06A /* ProductsFileCacheService.swift */; };
		B9DF124B2BEA60DF002BF06A /* UI Components.swift in Sources */ = {isa = PBXBuildFile; fileRef = B9DF124A2BEA60DF002BF06A /* UI Components.swift */; };
		B9F1CCA02BE779C100503C30 /* MaccabiExerciseApp.swift in Sources */ = {isa = PBXBuildFile; fileRef = B9F1CC9F2BE779C100503C30 /* MaccabiExerciseApp.swift */; };
		B9F1CCA22BE779C100503C30 /* CategoriesView.swift in Sources */ = {isa = PBXBuildFile; fileRef = B9F1CCA12BE779C100503C30 /* CategoriesView.swift */; };
		B9F1CCA42BE779C500503C30 /* Assets.xcassets in Resources */ = {isa = PBXBuildFile; fileRef = B9F1CCA32BE779C500503C30 /* Assets.xcassets */; };
		B9F1CCA72BE779C500503C30 /* Preview Assets.xcassets in Resources */ = {isa = PBXBuildFile; fileRef = B9F1CCA62BE779C500503C30 /* Preview Assets.xcassets */; };
		B9F1CCB12BE77FA900503C30 /* ProductModel.swift in Sources */ = {isa = PBXBuildFile; fileRef = B9F1CCB02BE77FA900503C30 /* ProductModel.swift */; };
		B9F1CCB32BE780BF00503C30 /* ProductsViewModel.swift in Sources */ = {isa = PBXBuildFile; fileRef = B9F1CCB22BE780BF00503C30 /* ProductsViewModel.swift */; };
		B9F1CCB82BE781EA00503C30 /* ProductsService.swift in Sources */ = {isa = PBXBuildFile; fileRef = B9F1CCB72BE781EA00503C30 /* ProductsService.swift */; };
		B9F1CCBA2BE7B61B00503C30 /* ProductsServiceProtocol.swift in Sources */ = {isa = PBXBuildFile; fileRef = B9F1CCB92BE7B61B00503C30 /* ProductsServiceProtocol.swift */; };
		B9F1CCBF2BE7F15100503C30 /* CategoryView.swift in Sources */ = {isa = PBXBuildFile; fileRef = B9F1CCBE2BE7F15100503C30 /* CategoryView.swift */; };
/* End PBXBuildFile section */

/* Begin PBXFileReference section */
		B96A9DCE2BE8C4F100EDAF3F /* ProductView.swift */ = {isa = PBXFileReference; fileEncoding = 4; lastKnownFileType = sourcecode.swift; path = ProductView.swift; sourceTree = "<group>"; };
		B96A9DCF2BE8C4F200EDAF3F /* CategoryProductsView.swift */ = {isa = PBXFileReference; fileEncoding = 4; lastKnownFileType = sourcecode.swift; path = CategoryProductsView.swift; sourceTree = "<group>"; };
		B96B6CB02C2D8CF20006E489 /* ProductsCoreDateCacheService.swift */ = {isa = PBXFileReference; lastKnownFileType = sourcecode.swift; path = ProductsCoreDateCacheService.swift; sourceTree = "<group>"; };
		B96B6CB32C2D9A7F0006E489 /* ProductsApp.xcdatamodel */ = {isa = PBXFileReference; lastKnownFileType = wrapper.xcdatamodel; path = ProductsApp.xcdatamodel; sourceTree = "<group>"; };
		B9DF12352BE8D588002BF06A /* MainView.swift */ = {isa = PBXFileReference; lastKnownFileType = sourcecode.swift; path = MainView.swift; sourceTree = "<group>"; };
		B9DF12372BE8F0E1002BF06A /* NetworkRequestHelper.swift */ = {isa = PBXFileReference; lastKnownFileType = sourcecode.swift; path = NetworkRequestHelper.swift; sourceTree = "<group>"; };
		B9DF123A2BE8F8CD002BF06A /* NetworkError.swift */ = {isa = PBXFileReference; lastKnownFileType = sourcecode.swift; path = NetworkError.swift; sourceTree = "<group>"; };
		B9DF123C2BE921A6002BF06A /* ErrorMessageView.swift */ = {isa = PBXFileReference; lastKnownFileType = sourcecode.swift; path = ErrorMessageView.swift; sourceTree = "<group>"; };
		B9DF123E2BEA0C2F002BF06A /* Modifiers.swift */ = {isa = PBXFileReference; lastKnownFileType = sourcecode.swift; path = Modifiers.swift; sourceTree = "<group>"; };
		B9DF12422BEA1BF7002BF06A /* ProductsCacheServiceProtocol.swift */ = {isa = PBXFileReference; lastKnownFileType = sourcecode.swift; path = ProductsCacheServiceProtocol.swift; sourceTree = "<group>"; };
		B9DF12442BEA1C8A002BF06A /* ProductsFileCacheService.swift */ = {isa = PBXFileReference; lastKnownFileType = sourcecode.swift; path = ProductsFileCacheService.swift; sourceTree = "<group>"; };
		B9DF124A2BEA60DF002BF06A /* UI Components.swift */ = {isa = PBXFileReference; lastKnownFileType = sourcecode.swift; path = "UI Components.swift"; sourceTree = "<group>"; };
		B9F1CC9C2BE779C100503C30 /* MaccabiExercise.app */ = {isa = PBXFileReference; explicitFileType = wrapper.application; includeInIndex = 0; path = MaccabiExercise.app; sourceTree = BUILT_PRODUCTS_DIR; };
		B9F1CC9F2BE779C100503C30 /* MaccabiExerciseApp.swift */ = {isa = PBXFileReference; lastKnownFileType = sourcecode.swift; path = MaccabiExerciseApp.swift; sourceTree = "<group>"; };
		B9F1CCA12BE779C100503C30 /* CategoriesView.swift */ = {isa = PBXFileReference; lastKnownFileType = sourcecode.swift; path = CategoriesView.swift; sourceTree = "<group>"; };
		B9F1CCA32BE779C500503C30 /* Assets.xcassets */ = {isa = PBXFileReference; lastKnownFileType = folder.assetcatalog; path = Assets.xcassets; sourceTree = "<group>"; };
		B9F1CCA62BE779C500503C30 /* Preview Assets.xcassets */ = {isa = PBXFileReference; lastKnownFileType = folder.assetcatalog; path = "Preview Assets.xcassets"; sourceTree = "<group>"; };
		B9F1CCB02BE77FA900503C30 /* ProductModel.swift */ = {isa = PBXFileReference; lastKnownFileType = sourcecode.swift; path = ProductModel.swift; sourceTree = "<group>"; };
		B9F1CCB22BE780BF00503C30 /* ProductsViewModel.swift */ = {isa = PBXFileReference; lastKnownFileType = sourcecode.swift; path = ProductsViewModel.swift; sourceTree = "<group>"; };
		B9F1CCB72BE781EA00503C30 /* ProductsService.swift */ = {isa = PBXFileReference; lastKnownFileType = sourcecode.swift; path = ProductsService.swift; sourceTree = "<group>"; };
		B9F1CCB92BE7B61B00503C30 /* ProductsServiceProtocol.swift */ = {isa = PBXFileReference; lastKnownFileType = sourcecode.swift; path = ProductsServiceProtocol.swift; sourceTree = "<group>"; };
		B9F1CCBE2BE7F15100503C30 /* CategoryView.swift */ = {isa = PBXFileReference; lastKnownFileType = sourcecode.swift; path = CategoryView.swift; sourceTree = "<group>"; };
/* End PBXFileReference section */

/* Begin PBXFrameworksBuildPhase section */
		B9F1CC992BE779C100503C30 /* Frameworks */ = {
			isa = PBXFrameworksBuildPhase;
			buildActionMask = 2147483647;
			files = (
			);
			runOnlyForDeploymentPostprocessing = 0;
		};
/* End PBXFrameworksBuildPhase section */

/* Begin PBXGroup section */
		B9DF12392BE8F890002BF06A /* network */ = {
			isa = PBXGroup;
			children = (
				B9DF12372BE8F0E1002BF06A /* NetworkRequestHelper.swift */,
				B9DF123A2BE8F8CD002BF06A /* NetworkError.swift */,
			);
			path = network;
			sourceTree = "<group>";
		};
		B9DF12462BEA2938002BF06A /* categories */ = {
			isa = PBXGroup;
			children = (
				B9F1CCA12BE779C100503C30 /* CategoriesView.swift */,
				B9F1CCBE2BE7F15100503C30 /* CategoryView.swift */,
			);
			path = categories;
			sourceTree = "<group>";
		};
		B9DF12472BEA2955002BF06A /* products */ = {
			isa = PBXGroup;
			children = (
				B96A9DCF2BE8C4F200EDAF3F /* CategoryProductsView.swift */,
				B96A9DCE2BE8C4F100EDAF3F /* ProductView.swift */,
			);
			path = products;
			sourceTree = "<group>";
		};
		B9DF12482BEA29A5002BF06A /* main */ = {
			isa = PBXGroup;
			children = (
				B9DF12352BE8D588002BF06A /* MainView.swift */,
				B9DF123C2BE921A6002BF06A /* ErrorMessageView.swift */,
			);
			path = main;
			sourceTree = "<group>";
		};
		B9DF12492BEA60CB002BF06A /* common */ = {
			isa = PBXGroup;
			children = (
				B9DF123E2BEA0C2F002BF06A /* Modifiers.swift */,
				B9DF124A2BEA60DF002BF06A /* UI Components.swift */,
			);
			path = common;
			sourceTree = "<group>";
		};
		B9F1CC932BE779C100503C30 = {
			isa = PBXGroup;
			children = (
				B9F1CC9E2BE779C100503C30 /* MaccabiExercise */,
				B9F1CC9D2BE779C100503C30 /* Products */,
			);
			sourceTree = "<group>";
		};
		B9F1CC9D2BE779C100503C30 /* Products */ = {
			isa = PBXGroup;
			children = (
				B9F1CC9C2BE779C100503C30 /* MaccabiExercise.app */,
			);
			name = Products;
			sourceTree = "<group>";
		};
		B9F1CC9E2BE779C100503C30 /* MaccabiExercise */ = {
			isa = PBXGroup;
			children = (
				B9F1CC9F2BE779C100503C30 /* MaccabiExerciseApp.swift */,
				B9F1CCAD2BE77B1700503C30 /* model */,
				B9F1CCAE2BE77B2700503C30 /* view */,
				B9F1CCAF2BE77B4000503C30 /* view model */,
				B9F1CCB62BE7813D00503C30 /* services */,
				B9DF12392BE8F890002BF06A /* network */,
				B9F1CCA32BE779C500503C30 /* Assets.xcassets */,
				B9F1CCA52BE779C500503C30 /* Preview Content */,
			);
			path = MaccabiExercise;
			sourceTree = "<group>";
		};
		B9F1CCA52BE779C500503C30 /* Preview Content */ = {
			isa = PBXGroup;
			children = (
				B9F1CCA62BE779C500503C30 /* Preview Assets.xcassets */,
			);
			path = "Preview Content";
			sourceTree = "<group>";
		};
		B9F1CCAD2BE77B1700503C30 /* model */ = {
			isa = PBXGroup;
			children = (
				B9F1CCB02BE77FA900503C30 /* ProductModel.swift */,
				B96B6CB22C2D9A7F0006E489 /* ProductsApp.xcdatamodeld */,
			);
			path = model;
			sourceTree = "<group>";
		};
		B9F1CCAE2BE77B2700503C30 /* view */ = {
			isa = PBXGroup;
			children = (
				B9DF12492BEA60CB002BF06A /* common */,
				B9DF12482BEA29A5002BF06A /* main */,
				B9DF12462BEA2938002BF06A /* categories */,
				B9DF12472BEA2955002BF06A /* products */,
			);
			path = view;
			sourceTree = "<group>";
		};
		B9F1CCAF2BE77B4000503C30 /* view model */ = {
			isa = PBXGroup;
			children = (
				B9F1CCB22BE780BF00503C30 /* ProductsViewModel.swift */,
			);
			path = "view model";
			sourceTree = "<group>";
		};
		B9F1CCB62BE7813D00503C30 /* services */ = {
			isa = PBXGroup;
			children = (
				B9F1CCB92BE7B61B00503C30 /* ProductsServiceProtocol.swift */,
				B9F1CCB72BE781EA00503C30 /* ProductsService.swift */,
				B9DF12422BEA1BF7002BF06A /* ProductsCacheServiceProtocol.swift */,
				B9DF12442BEA1C8A002BF06A /* ProductsFileCacheService.swift */,
				B96B6CB02C2D8CF20006E489 /* ProductsCoreDateCacheService.swift */,
			);
			path = services;
			sourceTree = "<group>";
		};
/* End PBXGroup section */

/* Begin PBXNativeTarget section */
		B9F1CC9B2BE779C100503C30 /* MaccabiExercise */ = {
			isa = PBXNativeTarget;
			buildConfigurationList = B9F1CCAA2BE779C500503C30 /* Build configuration list for PBXNativeTarget "MaccabiExercise" */;
			buildPhases = (
				B9F1CC982BE779C100503C30 /* Sources */,
				B9F1CC992BE779C100503C30 /* Frameworks */,
				B9F1CC9A2BE779C100503C30 /* Resources */,
			);
			buildRules = (
			);
			dependencies = (
			);
			name = MaccabiExercise;
			productName = MaccabiExercise;
			productReference = B9F1CC9C2BE779C100503C30 /* MaccabiExercise.app */;
			productType = "com.apple.product-type.application";
		};
/* End PBXNativeTarget section */

/* Begin PBXProject section */
		B9F1CC942BE779C100503C30 /* Project object */ = {
			isa = PBXProject;
			attributes = {
				BuildIndependentTargetsInParallel = 1;
				LastSwiftUpdateCheck = 1500;
				LastUpgradeCheck = 1500;
				TargetAttributes = {
					B9F1CC9B2BE779C100503C30 = {
						CreatedOnToolsVersion = 15.0.1;
					};
				};
			};
			buildConfigurationList = B9F1CC972BE779C100503C30 /* Build configuration list for PBXProject "MaccabiExercise" */;
			compatibilityVersion = "Xcode 14.0";
			developmentRegion = en;
			hasScannedForEncodings = 0;
			knownRegions = (
				en,
				Base,
			);
			mainGroup = B9F1CC932BE779C100503C30;
			productRefGroup = B9F1CC9D2BE779C100503C30 /* Products */;
			projectDirPath = "";
			projectRoot = "";
			targets = (
				B9F1CC9B2BE779C100503C30 /* MaccabiExercise */,
			);
		};
/* End PBXProject section */

/* Begin PBXResourcesBuildPhase section */
		B9F1CC9A2BE779C100503C30 /* Resources */ = {
			isa = PBXResourcesBuildPhase;
			buildActionMask = 2147483647;
			files = (
				B9F1CCA72BE779C500503C30 /* Preview Assets.xcassets in Resources */,
				B9F1CCA42BE779C500503C30 /* Assets.xcassets in Resources */,
			);
			runOnlyForDeploymentPostprocessing = 0;
		};
/* End PBXResourcesBuildPhase section */

/* Begin PBXSourcesBuildPhase section */
		B9F1CC982BE779C100503C30 /* Sources */ = {
			isa = PBXSourcesBuildPhase;
			buildActionMask = 2147483647;
			files = (
				B9F1CCA22BE779C100503C30 /* CategoriesView.swift in Sources */,
				B96A9DD02BE8C4F200EDAF3F /* ProductView.swift in Sources */,
				B9DF124B2BEA60DF002BF06A /* UI Components.swift in Sources */,
				B9F1CCBA2BE7B61B00503C30 /* ProductsServiceProtocol.swift in Sources */,
				B9F1CCB12BE77FA900503C30 /* ProductModel.swift in Sources */,
				B9DF123F2BEA0C2F002BF06A /* Modifiers.swift in Sources */,
				B96A9DD12BE8C4F200EDAF3F /* CategoryProductsView.swift in Sources */,
				B9F1CCB32BE780BF00503C30 /* ProductsViewModel.swift in Sources */,
				B96B6CB42C2D9A7F0006E489 /* ProductsApp.xcdatamodeld in Sources */,
				B9F1CCBF2BE7F15100503C30 /* CategoryView.swift in Sources */,
				B9DF12452BEA1C8A002BF06A /* ProductsFileCacheService.swift in Sources */,
				B9DF12362BE8D588002BF06A /* MainView.swift in Sources */,
				B9DF12382BE8F0E1002BF06A /* NetworkRequestHelper.swift in Sources */,
				B9DF123B2BE8F8CD002BF06A /* NetworkError.swift in Sources */,
				B9DF12432BEA1BF7002BF06A /* ProductsCacheServiceProtocol.swift in Sources */,
				B9DF123D2BE921A6002BF06A /* ErrorMessageView.swift in Sources */,
				B9F1CCA02BE779C100503C30 /* MaccabiExerciseApp.swift in Sources */,
				B9F1CCB82BE781EA00503C30 /* ProductsService.swift in Sources */,
				B96B6CB12C2D8CF20006E489 /* ProductsCoreDateCacheService.swift in Sources */,
			);
			runOnlyForDeploymentPostprocessing = 0;
		};
/* End PBXSourcesBuildPhase section */

/* Begin XCBuildConfiguration section */
		B9F1CCA82BE779C500503C30 /* Debug */ = {
			isa = XCBuildConfiguration;
			buildSettings = {
				ALWAYS_SEARCH_USER_PATHS = NO;
				ASSETCATALOG_COMPILER_GENERATE_SWIFT_ASSET_SYMBOL_EXTENSIONS = YES;
				CLANG_ANALYZER_NONNULL = YES;
				CLANG_ANALYZER_NUMBER_OBJECT_CONVERSION = YES_AGGRESSIVE;
				CLANG_CXX_LANGUAGE_STANDARD = "gnu++20";
				CLANG_ENABLE_MODULES = YES;
				CLANG_ENABLE_OBJC_ARC = YES;
				CLANG_ENABLE_OBJC_WEAK = YES;
				CLANG_WARN_BLOCK_CAPTURE_AUTORELEASING = YES;
				CLANG_WARN_BOOL_CONVERSION = YES;
				CLANG_WARN_COMMA = YES;
				CLANG_WARN_CONSTANT_CONVERSION = YES;
				CLANG_WARN_DEPRECATED_OBJC_IMPLEMENTATIONS = YES;
				CLANG_WARN_DIRECT_OBJC_ISA_USAGE = YES_ERROR;
				CLANG_WARN_DOCUMENTATION_COMMENTS = YES;
				CLANG_WARN_EMPTY_BODY = YES;
				CLANG_WARN_ENUM_CONVERSION = YES;
				CLANG_WARN_INFINITE_RECURSION = YES;
				CLANG_WARN_INT_CONVERSION = YES;
				CLANG_WARN_NON_LITERAL_NULL_CONVERSION = YES;
				CLANG_WARN_OBJC_IMPLICIT_RETAIN_SELF = YES;
				CLANG_WARN_OBJC_LITERAL_CONVERSION = YES;
				CLANG_WARN_OBJC_ROOT_CLASS = YES_ERROR;
				CLANG_WARN_QUOTED_INCLUDE_IN_FRAMEWORK_HEADER = YES;
				CLANG_WARN_RANGE_LOOP_ANALYSIS = YES;
				CLANG_WARN_STRICT_PROTOTYPES = YES;
				CLANG_WARN_SUSPICIOUS_MOVE = YES;
				CLANG_WARN_UNGUARDED_AVAILABILITY = YES_AGGRESSIVE;
				CLANG_WARN_UNREACHABLE_CODE = YES;
				CLANG_WARN__DUPLICATE_METHOD_MATCH = YES;
				COPY_PHASE_STRIP = NO;
				DEBUG_INFORMATION_FORMAT = dwarf;
				ENABLE_STRICT_OBJC_MSGSEND = YES;
				ENABLE_TESTABILITY = YES;
				ENABLE_USER_SCRIPT_SANDBOXING = YES;
				GCC_C_LANGUAGE_STANDARD = gnu17;
				GCC_DYNAMIC_NO_PIC = NO;
				GCC_NO_COMMON_BLOCKS = YES;
				GCC_OPTIMIZATION_LEVEL = 0;
				GCC_PREPROCESSOR_DEFINITIONS = (
					"DEBUG=1",
					"$(inherited)",
				);
				GCC_WARN_64_TO_32_BIT_CONVERSION = YES;
				GCC_WARN_ABOUT_RETURN_TYPE = YES_ERROR;
				GCC_WARN_UNDECLARED_SELECTOR = YES;
				GCC_WARN_UNINITIALIZED_AUTOS = YES_AGGRESSIVE;
				GCC_WARN_UNUSED_FUNCTION = YES;
				GCC_WARN_UNUSED_VARIABLE = YES;
				IPHONEOS_DEPLOYMENT_TARGET = 17.0;
				LOCALIZATION_PREFERS_STRING_CATALOGS = YES;
				MTL_ENABLE_DEBUG_INFO = INCLUDE_SOURCE;
				MTL_FAST_MATH = YES;
				ONLY_ACTIVE_ARCH = YES;
				SDKROOT = iphoneos;
				SWIFT_ACTIVE_COMPILATION_CONDITIONS = "DEBUG $(inherited)";
				SWIFT_OPTIMIZATION_LEVEL = "-Onone";
			};
			name = Debug;
		};
		B9F1CCA92BE779C500503C30 /* Release */ = {
			isa = XCBuildConfiguration;
			buildSettings = {
				ALWAYS_SEARCH_USER_PATHS = NO;
				ASSETCATALOG_COMPILER_GENERATE_SWIFT_ASSET_SYMBOL_EXTENSIONS = YES;
				CLANG_ANALYZER_NONNULL = YES;
				CLANG_ANALYZER_NUMBER_OBJECT_CONVERSION = YES_AGGRESSIVE;
				CLANG_CXX_LANGUAGE_STANDARD = "gnu++20";
				CLANG_ENABLE_MODULES = YES;
				CLANG_ENABLE_OBJC_ARC = YES;
				CLANG_ENABLE_OBJC_WEAK = YES;
				CLANG_WARN_BLOCK_CAPTURE_AUTORELEASING = YES;
				CLANG_WARN_BOOL_CONVERSION = YES;
				CLANG_WARN_COMMA = YES;
				CLANG_WARN_CONSTANT_CONVERSION = YES;
				CLANG_WARN_DEPRECATED_OBJC_IMPLEMENTATIONS = YES;
				CLANG_WARN_DIRECT_OBJC_ISA_USAGE = YES_ERROR;
				CLANG_WARN_DOCUMENTATION_COMMENTS = YES;
				CLANG_WARN_EMPTY_BODY = YES;
				CLANG_WARN_ENUM_CONVERSION = YES;
				CLANG_WARN_INFINITE_RECURSION = YES;
				CLANG_WARN_INT_CONVERSION = YES;
				CLANG_WARN_NON_LITERAL_NULL_CONVERSION = YES;
				CLANG_WARN_OBJC_IMPLICIT_RETAIN_SELF = YES;
				CLANG_WARN_OBJC_LITERAL_CONVERSION = YES;
				CLANG_WARN_OBJC_ROOT_CLASS = YES_ERROR;
				CLANG_WARN_QUOTED_INCLUDE_IN_FRAMEWORK_HEADER = YES;
				CLANG_WARN_RANGE_LOOP_ANALYSIS = YES;
				CLANG_WARN_STRICT_PROTOTYPES = YES;
				CLANG_WARN_SUSPICIOUS_MOVE = YES;
				CLANG_WARN_UNGUARDED_AVAILABILITY = YES_AGGRESSIVE;
				CLANG_WARN_UNREACHABLE_CODE = YES;
				CLANG_WARN__DUPLICATE_METHOD_MATCH = YES;
				COPY_PHASE_STRIP = NO;
				DEBUG_INFORMATION_FORMAT = "dwarf-with-dsym";
				ENABLE_NS_ASSERTIONS = NO;
				ENABLE_STRICT_OBJC_MSGSEND = YES;
				ENABLE_USER_SCRIPT_SANDBOXING = YES;
				GCC_C_LANGUAGE_STANDARD = gnu17;
				GCC_NO_COMMON_BLOCKS = YES;
				GCC_WARN_64_TO_32_BIT_CONVERSION = YES;
				GCC_WARN_ABOUT_RETURN_TYPE = YES_ERROR;
				GCC_WARN_UNDECLARED_SELECTOR = YES;
				GCC_WARN_UNINITIALIZED_AUTOS = YES_AGGRESSIVE;
				GCC_WARN_UNUSED_FUNCTION = YES;
				GCC_WARN_UNUSED_VARIABLE = YES;
				IPHONEOS_DEPLOYMENT_TARGET = 17.0;
				LOCALIZATION_PREFERS_STRING_CATALOGS = YES;
				MTL_ENABLE_DEBUG_INFO = NO;
				MTL_FAST_MATH = YES;
				SDKROOT = iphoneos;
				SWIFT_COMPILATION_MODE = wholemodule;
				VALIDATE_PRODUCT = YES;
			};
			name = Release;
		};
		B9F1CCAB2BE779C500503C30 /* Debug */ = {
			isa = XCBuildConfiguration;
			buildSettings = {
				ASSETCATALOG_COMPILER_APPICON_NAME = AppIcon;
				ASSETCATALOG_COMPILER_GLOBAL_ACCENT_COLOR_NAME = AccentColor;
				CODE_SIGN_STYLE = Automatic;
				CURRENT_PROJECT_VERSION = 1;
				DEVELOPMENT_ASSET_PATHS = "\"MaccabiExercise/Preview Content\"";
				DEVELOPMENT_TEAM = 426T2QW62G;
				ENABLE_PREVIEWS = YES;
				GENERATE_INFOPLIST_FILE = YES;
				INFOPLIST_KEY_UIApplicationSceneManifest_Generation = YES;
				INFOPLIST_KEY_UIApplicationSupportsIndirectInputEvents = YES;
				INFOPLIST_KEY_UILaunchScreen_Generation = YES;
				INFOPLIST_KEY_UISupportedInterfaceOrientations_iPad = "UIInterfaceOrientationPortrait UIInterfaceOrientationPortraitUpsideDown UIInterfaceOrientationLandscapeLeft UIInterfaceOrientationLandscapeRight";
				INFOPLIST_KEY_UISupportedInterfaceOrientations_iPhone = "UIInterfaceOrientationPortrait UIInterfaceOrientationLandscapeLeft UIInterfaceOrientationLandscapeRight";
				LD_RUNPATH_SEARCH_PATHS = (
					"$(inherited)",
					"@executable_path/Frameworks",
				);
				MARKETING_VERSION = 1.0;
				PRODUCT_BUNDLE_IDENTIFIER = nimrodon.MaccabiExercise;
				PRODUCT_NAME = "$(TARGET_NAME)";
				SWIFT_EMIT_LOC_STRINGS = YES;
				SWIFT_VERSION = 5.0;
				TARGETED_DEVICE_FAMILY = "1,2";
			};
			name = Debug;
		};
		B9F1CCAC2BE779C500503C30 /* Release */ = {
			isa = XCBuildConfiguration;
			buildSettings = {
				ASSETCATALOG_COMPILER_APPICON_NAME = AppIcon;
				ASSETCATALOG_COMPILER_GLOBAL_ACCENT_COLOR_NAME = AccentColor;
				CODE_SIGN_STYLE = Automatic;
				CURRENT_PROJECT_VERSION = 1;
				DEVELOPMENT_ASSET_PATHS = "\"MaccabiExercise/Preview Content\"";
				DEVELOPMENT_TEAM = 426T2QW62G;
				ENABLE_PREVIEWS = YES;
				GENERATE_INFOPLIST_FILE = YES;
				INFOPLIST_KEY_UIApplicationSceneManifest_Generation = YES;
				INFOPLIST_KEY_UIApplicationSupportsIndirectInputEvents = YES;
				INFOPLIST_KEY_UILaunchScreen_Generation = YES;
				INFOPLIST_KEY_UISupportedInterfaceOrientations_iPad = "UIInterfaceOrientationPortrait UIInterfaceOrientationPortraitUpsideDown UIInterfaceOrientationLandscapeLeft UIInterfaceOrientationLandscapeRight";
				INFOPLIST_KEY_UISupportedInterfaceOrientations_iPhone = "UIInterfaceOrientationPortrait UIInterfaceOrientationLandscapeLeft UIInterfaceOrientationLandscapeRight";
				LD_RUNPATH_SEARCH_PATHS = (
					"$(inherited)",
					"@executable_path/Frameworks",
				);
				MARKETING_VERSION = 1.0;
				PRODUCT_BUNDLE_IDENTIFIER = nimrodon.MaccabiExercise;
				PRODUCT_NAME = "$(TARGET_NAME)";
				SWIFT_EMIT_LOC_STRINGS = YES;
				SWIFT_VERSION = 5.0;
				TARGETED_DEVICE_FAMILY = "1,2";
			};
			name = Release;
		};
/* End XCBuildConfiguration section */

/* Begin XCConfigurationList section */
		B9F1CC972BE779C100503C30 /* Build configuration list for PBXProject "MaccabiExercise" */ = {
			isa = XCConfigurationList;
			buildConfigurations = (
				B9F1CCA82BE779C500503C30 /* Debug */,
				B9F1CCA92BE779C500503C30 /* Release */,
			);
			defaultConfigurationIsVisible = 0;
			defaultConfigurationName = Release;
		};
		B9F1CCAA2BE779C500503C30 /* Build configuration list for PBXNativeTarget "MaccabiExercise" */ = {
			isa = XCConfigurationList;
			buildConfigurations = (
				B9F1CCAB2BE779C500503C30 /* Debug */,
				B9F1CCAC2BE779C500503C30 /* Release */,
			);
			defaultConfigurationIsVisible = 0;
			defaultConfigurationName = Release;
		};
/* End XCConfigurationList section */

/* Begin XCVersionGroup section */
		B96B6CB22C2D9A7F0006E489 /* ProductsApp.xcdatamodeld */ = {
			isa = XCVersionGroup;
			children = (
				B96B6CB32C2D9A7F0006E489 /* ProductsApp.xcdatamodel */,
			);
			currentVersion = B96B6CB32C2D9A7F0006E489 /* ProductsApp.xcdatamodel */;
			path = ProductsApp.xcdatamodeld;
			sourceTree = "<group>";
			versionGroupType = wrapper.xcdatamodel;
		};
/* End XCVersionGroup section */
	};
	rootObject = B9F1CC942BE779C100503C30 /* Project object */;
}
